<Solution>
  <Configurations>
    <Platform Name="Any CPU" />
    <Platform Name="x64" />
  </Configurations>
  <Folder Name="/src/">
    <Project Path="src/DhirDhar.Application/DhirDhar.Application.csproj">
      <Platform Solution="*|x64" Project="x64" />
    </Project>
    <Project Path="src/DhirDhar.Desktop/DhirDhar.Desktop.csproj">
      <Platform Solution="*|x64" Project="x64" />
    </Project>
    <Project Path="src/DhirDhar.Domain/DhirDhar.Domain.csproj">
      <Platform Solution="*|x64" Project="x64" />
    </Project>
    <Project Path="src/DhirDhar.Infrastructure/DhirDhar.Infrastructure.csproj">
      <Platform Solution="*|x64" Project="x64" />
    </Project>
    <Project Path="src/DhirDhar.LicenseGenerator/DhirDhar.LicenseGenerator.csproj">
      <Platform Solution="*|x64" Project="x64" />
    </Project>
    <Project Path="src/DhirDhar.Updater/DhirDhar.Updater.csproj">
      <Platform Solution="*|x64" Project="x64" />
    </Project>
  </Folder>
  <Folder Name="/tests/">
    <Project Path="tests/DhirDhar.Application.Tests/DhirDhar.Application.Tests.csproj">
      <Platform Solution="*|x64" Project="x64" />
    </Project>
    <Project Path="tests/DhirDhar.Domain.Tests/DhirDhar.Domain.Tests.csproj">
      <Platform Solution="*|x64" Project="x64" />
    </Project>
    <Project Path="tests/DhirDhar.Infrastructure.Tests/DhirDhar.Infrastructure.Tests.csproj">
      <Platform Solution="*|x64" Project="x64" />
    </Project>
  </Folder>
</Solution>
